// !$*UTF8*$!
{
	archiveVersion = 1;
	classes = {
	};
	objectVersion = 46;
	objects = {

/* Begin PBXBuildFile section */
		712C9B391D9AFCCF004468B2 /* AppDelegate.swift in Sources */ = {isa = PBXBuildFile; fileRef = 712C9B381D9AFCCF004468B2 /* AppDelegate.swift */; };
		712C9B3B1D9AFCCF004468B2 /* ViewController.swift in Sources */ = {isa = PBXBuildFile; fileRef = 712C9B3A1D9AFCCF004468B2 /* ViewController.swift */; };
		712C9B3E1D9AFCCF004468B2 /* Main.storyboard in Resources */ = {isa = PBXBuildFile; fileRef = 712C9B3C1D9AFCCF004468B2 /* Main.storyboard */; };
		712C9B411D9AFCCF004468B2 /* hubAPS.xcdatamodeld in Sources */ = {isa = PBXBuildFile; fileRef = 712C9B3F1D9AFCCF004468B2 /* hubAPS.xcdatamodeld */; };
		712C9B431D9AFCCF004468B2 /* Assets.xcassets in Resources */ = {isa = PBXBuildFile; fileRef = 712C9B421D9AFCCF004468B2 /* Assets.xcassets */; };
		712C9B461D9AFCCF004468B2 /* LaunchScreen.storyboard in Resources */ = {isa = PBXBuildFile; fileRef = 712C9B441D9AFCCF004468B2 /* LaunchScreen.storyboard */; };
		712C9B4F1D9AFF04004468B2 /* Conta.swift in Sources */ = {isa = PBXBuildFile; fileRef = 712C9B4E1D9AFF04004468B2 /* Conta.swift */; };
		712C9B511D9B0224004468B2 /* Item.swift in Sources */ = {isa = PBXBuildFile; fileRef = 712C9B501D9B0224004468B2 /* Item.swift */; };
		712C9B531D9B0830004468B2 /* Troca.swift in Sources */ = {isa = PBXBuildFile; fileRef = 712C9B521D9B0830004468B2 /* Troca.swift */; };
/* End PBXBuildFile section */

/* Begin PBXFileReference section */
		712C9B351D9AFCCF004468B2 /* hubAPS.app */ = {isa = PBXFileReference; explicitFileType = wrapper.application; includeInIndex = 0; path = hubAPS.app; sourceTree = BUILT_PRODUCTS_DIR; };
		712C9B381D9AFCCF004468B2 /* AppDelegate.swift */ = {isa = PBXFileReference; lastKnownFileType = sourcecode.swift; path = AppDelegate.swift; sourceTree = "<group>"; };
		712C9B3A1D9AFCCF004468B2 /* ViewController.swift */ = {isa = PBXFileReference; lastKnownFileType = sourcecode.swift; path = ViewController.swift; sourceTree = "<group>"; };
		712C9B3D1D9AFCCF004468B2 /* Base */ = {isa = PBXFileReference; lastKnownFileType = file.storyboard; name = Base; path = Base.lproj/Main.storyboard; sourceTree = "<group>"; };
		712C9B401D9AFCCF004468B2 /* hubAPS.xcdatamodel */ = {isa = PBXFileReference; lastKnownFileType = wrapper.xcdatamodel; path = hubAPS.xcdatamodel; sourceTree = "<group>"; };
		712C9B421D9AFCCF004468B2 /* Assets.xcassets */ = {isa = PBXFileReference; lastKnownFileType = folder.assetcatalog; path = Assets.xcassets; sourceTree = "<group>"; };
		712C9B451D9AFCCF004468B2 /* Base */ = {isa = PBXFileReference; lastKnownFileType = file.storyboard; name = Base; path = Base.lproj/LaunchScreen.storyboard; sourceTree = "<group>"; };
		712C9B471D9AFCCF004468B2 /* Info.plist */ = {isa = PBXFileReference; lastKnownFileType = text.plist.xml; path = Info.plist; sourceTree = "<group>"; };
		712C9B4E1D9AFF04004468B2 /* Conta.swift */ = {isa = PBXFileReference; fileEncoding = 4; lastKnownFileType = sourcecode.swift; path = Conta.swift; sourceTree = "<group>"; };
		712C9B501D9B0224004468B2 /* Item.swift */ = {isa = PBXFileReference; fileEncoding = 4; lastKnownFileType = sourcecode.swift; path = Item.swift; sourceTree = "<group>"; };
		712C9B521D9B0830004468B2 /* Troca.swift */ = {isa = PBXFileReference; fileEncoding = 4; lastKnownFileType = sourcecode.swift; path = Troca.swift; sourceTree = "<group>"; };
/* End PBXFileReference section */

/* Begin PBXFrameworksBuildPhase section */
		712C9B321D9AFCCF004468B2 /* Frameworks */ = {
			isa = PBXFrameworksBuildPhase;
			buildActionMask = 2147483647;
			files = (
			);
			runOnlyForDeploymentPostprocessing = 0;
		};
/* End PBXFrameworksBuildPhase section */

/* Begin PBXGroup section */
		712C9B2C1D9AFCCF004468B2 = {
			isa = PBXGroup;
			children = (
				712C9B371D9AFCCF004468B2 /* hubAPS */,
				712C9B361D9AFCCF004468B2 /* Products */,
			);
			sourceTree = "<group>";
		};
		712C9B361D9AFCCF004468B2 /* Products */ = {
			isa = PBXGroup;
			children = (
				712C9B351D9AFCCF004468B2 /* hubAPS.app */,
			);
			name = Products;
			sourceTree = "<group>";
		};
		712C9B371D9AFCCF004468B2 /* hubAPS */ = {
			isa = PBXGroup;
			children = (
				712C9B4D1D9AFDAB004468B2 /* Entities */,
				712C9B381D9AFCCF004468B2 /* AppDelegate.swift */,
				712C9B3A1D9AFCCF004468B2 /* ViewController.swift */,
				712C9B3C1D9AFCCF004468B2 /* Main.storyboard */,
				712C9B421D9AFCCF004468B2 /* Assets.xcassets */,
				712C9B441D9AFCCF004468B2 /* LaunchScreen.storyboard */,
				712C9B471D9AFCCF004468B2 /* Info.plist */,
				712C9B3F1D9AFCCF004468B2 /* hubAPS.xcdatamodeld */,
			);
			path = hubAPS;
			sourceTree = "<group>";
		};
		712C9B4D1D9AFDAB004468B2 /* Entities */ = {
			isa = PBXGroup;
			children = (
				712C9B4E1D9AFF04004468B2 /* Conta.swift */,
				712C9B501D9B0224004468B2 /* Item.swift */,
				712C9B521D9B0830004468B2 /* Troca.swift */,
			);
			name = Entities;
			sourceTree = "<group>";
		};
/* End PBXGroup section */

/* Begin PBXNativeTarget section */
		712C9B341D9AFCCF004468B2 /* hubAPS */ = {
			isa = PBXNativeTarget;
			buildConfigurationList = 712C9B4A1D9AFCCF004468B2 /* Build configuration list for PBXNativeTarget "hubAPS" */;
			buildPhases = (
				712C9B311D9AFCCF004468B2 /* Sources */,
				712C9B321D9AFCCF004468B2 /* Frameworks */,
				712C9B331D9AFCCF004468B2 /* Resources */,
			);
			buildRules = (
			);
			dependencies = (
			);
			name = hubAPS;
			productName = hubAPS;
			productReference = 712C9B351D9AFCCF004468B2 /* hubAPS.app */;
			productType = "com.apple.product-type.application";
		};
/* End PBXNativeTarget section */

/* Begin PBXProject section */
		712C9B2D1D9AFCCF004468B2 /* Project object */ = {
			isa = PBXProject;
			attributes = {
				LastSwiftUpdateCheck = 0800;
				LastUpgradeCheck = 0800;
				ORGANIZATIONNAME = "Hilton Pintor Bezerra Leite";
				TargetAttributes = {
					712C9B341D9AFCCF004468B2 = {
						CreatedOnToolsVersion = 8.0;
						DevelopmentTeam = S85M726D6S;
						ProvisioningStyle = Automatic;
					};
				};
			};
			buildConfigurationList = 712C9B301D9AFCCF004468B2 /* Build configuration list for PBXProject "hubAPS" */;
			compatibilityVersion = "Xcode 3.2";
			developmentRegion = English;
			hasScannedForEncodings = 0;
			knownRegions = (
				en,
				Base,
			);
			mainGroup = 712C9B2C1D9AFCCF004468B2;
			productRefGroup = 712C9B361D9AFCCF004468B2 /* Products */;
			projectDirPath = "";
			projectRoot = "";
			targets = (
				712C9B341D9AFCCF004468B2 /* hubAPS */,
			);
		};
/* End PBXProject section */

/* Begin PBXResourcesBuildPhase section */
		712C9B331D9AFCCF004468B2 /* Resources */ = {
			isa = PBXResourcesBuildPhase;
			buildActionMask = 2147483647;
			files = (
				712C9B461D9AFCCF004468B2 /* LaunchScreen.storyboard in Resources */,
				712C9B431D9AFCCF004468B2 /* Assets.xcassets in Resources */,
				712C9B3E1D9AFCCF004468B2 /* Main.storyboard in Resources */,
			);
			runOnlyForDeploymentPostprocessing = 0;
		};
/* End PBXResourcesBuildPhase section */

/* Begin PBXSourcesBuildPhase section */
		712C9B311D9AFCCF004468B2 /* Sources */ = {
			isa = PBXSourcesBuildPhase;
			buildActionMask = 2147483647;
			files = (
				712C9B511D9B0224004468B2 /* Item.swift in Sources */,
				712C9B411D9AFCCF004468B2 /* hubAPS.xcdatamodeld in Sources */,
				712C9B3B1D9AFCCF004468B2 /* ViewController.swift in Sources */,
				712C9B531D9B0830004468B2 /* Troca.swift in Sources */,
				712C9B391D9AFCCF004468B2 /* AppDelegate.swift in Sources */,
				712C9B4F1D9AFF04004468B2 /* Conta.swift in Sources */,
			);
			runOnlyForDeploymentPostprocessing = 0;
		};
/* End PBXSourcesBuildPhase section */

/* Begin PBXVariantGroup section */
		712C9B3C1D9AFCCF004468B2 /* Main.storyboard */ = {
			isa = PBXVariantGroup;
			children = (
				712C9B3D1D9AFCCF004468B2 /* Base */,
			);
			name = Main.storyboard;
			sourceTree = "<group>";
		};
		712C9B441D9AFCCF004468B2 /* LaunchScreen.storyboard */ = {
			isa = PBXVariantGroup;
			children = (
				712C9B451D9AFCCF004468B2 /* Base */,
			);
			name = LaunchScreen.storyboard;
			sourceTree = "<group>";
		};
/* End PBXVariantGroup section */

/* Begin XCBuildConfiguration section */
		712C9B481D9AFCCF004468B2 /* Debug */ = {
			isa = XCBuildConfiguration;
			buildSettings = {
				ALWAYS_SEARCH_USER_PATHS = NO;
				CLANG_ANALYZER_NONNULL = YES;
				CLANG_CXX_LANGUAGE_STANDARD = "gnu++0x";
				CLANG_CXX_LIBRARY = "libc++";
				CLANG_ENABLE_MODULES = YES;
				CLANG_ENABLE_OBJC_ARC = YES;
				CLANG_WARN_BOOL_CONVERSION = YES;
				CLANG_WARN_CONSTANT_CONVERSION = YES;
				CLANG_WARN_DIRECT_OBJC_ISA_USAGE = YES_ERROR;
				CLANG_WARN_DOCUMENTATION_COMMENTS = YES;
				CLANG_WARN_EMPTY_BODY = YES;
				CLANG_WARN_ENUM_CONVERSION = YES;
				CLANG_WARN_INFINITE_RECURSION = YES;
				CLANG_WARN_INT_CONVERSION = YES;
				CLANG_WARN_OBJC_ROOT_CLASS = YES_ERROR;
				CLANG_WARN_SUSPICIOUS_MOVES = YES;
				CLANG_WARN_UNREACHABLE_CODE = YES;
				CLANG_WARN__DUPLICATE_METHOD_MATCH = YES;
				"CODE_SIGN_IDENTITY[sdk=iphoneos*]" = "iPhone Developer";
				COPY_PHASE_STRIP = NO;
				DEBUG_INFORMATION_FORMAT = dwarf;
				ENABLE_STRICT_OBJC_MSGSEND = YES;
				ENABLE_TESTABILITY = YES;
				GCC_C_LANGUAGE_STANDARD = gnu99;
				GCC_DYNAMIC_NO_PIC = NO;
				GCC_NO_COMMON_BLOCKS = YES;
				GCC_OPTIMIZATION_LEVEL = 0;
				GCC_PREPROCESSOR_DEFINITIONS = (
					"DEBUG=1",
					"$(inherited)",
				);
				GCC_WARN_64_TO_32_BIT_CONVERSION = YES;
				GCC_WARN_ABOUT_RETURN_TYPE = YES_ERROR;
				GCC_WARN_UNDECLARED_SELECTOR = YES;
				GCC_WARN_UNINITIALIZED_AUTOS = YES_AGGRESSIVE;
				GCC_WARN_UNUSED_FUNCTION = YES;
				GCC_WARN_UNUSED_VARIABLE = YES;
				IPHONEOS_DEPLOYMENT_TARGET = 10.0;
				MTL_ENABLE_DEBUG_INFO = YES;
				ONLY_ACTIVE_ARCH = YES;
				SDKROOT = iphoneos;
				SWIFT_ACTIVE_COMPILATION_CONDITIONS = DEBUG;
				SWIFT_OPTIMIZATION_LEVEL = "-Onone";
				TARGETED_DEVICE_FAMILY = "1,2";
			};
			name = Debug;
		};
		712C9B491D9AFCCF004468B2 /* Release */ = {
			isa = XCBuildConfiguration;
			buildSettings = {
				ALWAYS_SEARCH_USER_PATHS = NO;
				CLANG_ANALYZER_NONNULL = YES;
				CLANG_CXX_LANGUAGE_STANDARD = "gnu++0x";
				CLANG_CXX_LIBRARY = "libc++";
				CLANG_ENABLE_MODULES = YES;
				CLANG_ENABLE_OBJC_ARC = YES;
				CLANG_WARN_BOOL_CONVERSION = YES;
				CLANG_WARN_CONSTANT_CONVERSION = YES;
				CLANG_WARN_DIRECT_OBJC_ISA_USAGE = YES_ERROR;
				CLANG_WARN_DOCUMENTATION_COMMENTS = YES;
				CLANG_WARN_EMPTY_BODY = YES;
				CLANG_WARN_ENUM_CONVERSION = YES;
				CLANG_WARN_INFINITE_RECURSION = YES;
				CLANG_WARN_INT_CONVERSION = YES;
				CLANG_WARN_OBJC_ROOT_CLASS = YES_ERROR;
				CLANG_WARN_SUSPICIOUS_MOVES = YES;
				CLANG_WARN_UNREACHABLE_CODE = YES;
				CLANG_WARN__DUPLICATE_METHOD_MATCH = YES;
				"CODE_SIGN_IDENTITY[sdk=iphoneos*]" = "iPhone Developer";
				COPY_PHASE_STRIP = NO;
				DEBUG_INFORMATION_FORMAT = "dwarf-with-dsym";
				ENABLE_NS_ASSERTIONS = NO;
				ENABLE_STRICT_OBJC_MSGSEND = YES;
				GCC_C_LANGUAGE_STANDARD = gnu99;
				GCC_NO_COMMON_BLOCKS = YES;
				GCC_WARN_64_TO_32_BIT_CONVERSION = YES;
				GCC_WARN_ABOUT_RETURN_TYPE = YES_ERROR;
				GCC_WARN_UNDECLARED_SELECTOR = YES;
				GCC_WARN_UNINITIALIZED_AUTOS = YES_AGGRESSIVE;
				GCC_WARN_UNUSED_FUNCTION = YES;
				GCC_WARN_UNUSED_VARIABLE = YES;
				IPHONEOS_DEPLOYMENT_TARGET = 10.0;
				MTL_ENABLE_DEBUG_INFO = NO;
				SDKROOT = iphoneos;
				SWIFT_OPTIMIZATION_LEVEL = "-Owholemodule";
				TARGETED_DEVICE_FAMILY = "1,2";
				VALIDATE_PRODUCT = YES;
			};
			name = Release;
		};
		712C9B4B1D9AFCCF004468B2 /* Debug */ = {
			isa = XCBuildConfiguration;
			buildSettings = {
				ASSETCATALOG_COMPILER_APPICON_NAME = AppIcon;
				DEVELOPMENT_TEAM = S85M726D6S;
				INFOPLIST_FILE = hubAPS/Info.plist;
				LD_RUNPATH_SEARCH_PATHS = "$(inherited) @executable_path/Frameworks";
				PRODUCT_BUNDLE_IDENTIFIER = aps.hubAPS;
				PRODUCT_NAME = "$(TARGET_NAME)";
				SWIFT_VERSION = 3.0;
			};
			name = Debug;
		};
		712C9B4C1D9AFCCF004468B2 /* Release */ = {
			isa = XCBuildConfiguration;
			buildSettings = {
				ASSETCATALOG_COMPILER_APPICON_NAME = AppIcon;
				DEVELOPMENT_TEAM = S85M726D6S;
				INFOPLIST_FILE = hubAPS/Info.plist;
				LD_RUNPATH_SEARCH_PATHS = "$(inherited) @executable_path/Frameworks";
				PRODUCT_BUNDLE_IDENTIFIER = aps.hubAPS;
				PRODUCT_NAME = "$(TARGET_NAME)";
				SWIFT_VERSION = 3.0;
			};
			name = Release;
		};
/* End XCBuildConfiguration section */

/* Begin XCConfigurationList section */
		712C9B301D9AFCCF004468B2 /* Build configuration list for PBXProject "hubAPS" */ = {
			isa = XCConfigurationList;
			buildConfigurations = (
				712C9B481D9AFCCF004468B2 /* Debug */,
				712C9B491D9AFCCF004468B2 /* Release */,
			);
			defaultConfigurationIsVisible = 0;
			defaultConfigurationName = Release;
		};
		712C9B4A1D9AFCCF004468B2 /* Build configuration list for PBXNativeTarget "hubAPS" */ = {
			isa = XCConfigurationList;
			buildConfigurations = (
				712C9B4B1D9AFCCF004468B2 /* Debug */,
				712C9B4C1D9AFCCF004468B2 /* Release */,
			);
			defaultConfigurationIsVisible = 0;
		};
/* End XCConfigurationList section */

/* Begin XCVersionGroup section */
		712C9B3F1D9AFCCF004468B2 /* hubAPS.xcdatamodeld */ = {
			isa = XCVersionGroup;
			children = (
				712C9B401D9AFCCF004468B2 /* hubAPS.xcdatamodel */,
			);
			currentVersion = 712C9B401D9AFCCF004468B2 /* hubAPS.xcdatamodel */;
			path = hubAPS.xcdatamodeld;
			sourceTree = "<group>";
			versionGroupType = wrapper.xcdatamodel;
		};
/* End XCVersionGroup section */
	};
	rootObject = 712C9B2D1D9AFCCF004468B2 /* Project object */;
}
